
Microsoft Visual Studio Solution File, Format Version 12.00
# Visual Studio Version 16
VisualStudioVersion = 16.0.31229.75
MinimumVisualStudioVersion = 10.0.40219.1
Project("{FAE04EC0-301F-11D3-BF4B-00C04F79EFBC}") = "Operátorok", "Operátorok\Operátorok.csproj", "{181981EC-0BD7-4F7F-BB5A-E8E7E913F4F7}"
EndProject
Global
	GlobalSection(SolutionConfigurationPlatforms) = preSolution
		Debug|Any CPU = Debug|Any CPU
		Release|Any CPU = Release|Any CPU
	EndGlobalSection
	GlobalSection(ProjectConfigurationPlatforms) = postSolution
		{181981EC-0BD7-4F7F-BB5A-E8E7E913F4F7}.Debug|Any CPU.ActiveCfg = Debug|Any CPU
		{181981EC-0BD7-4F7F-BB5A-E8E7E913F4F7}.Debug|Any CPU.Build.0 = Debug|Any CPU
		{181981EC-0BD7-4F7F-BB5A-E8E7E913F4F7}.Release|Any CPU.ActiveCfg = Release|Any CPU
		{181981EC-0BD7-4F7F-BB5A-E8E7E913F4F7}.Release|Any CPU.Build.0 = Release|Any CPU
	EndGlobalSection
	GlobalSection(SolutionProperties) = preSolution
		HideSolutionNode = FALSE
	EndGlobalSection
	GlobalSection(ExtensibilityGlobals) = postSolution
		SolutionGuid = {AE6DA5B2-85F9-4636-AD32-947F3A917C8F}
	EndGlobalSection
EndGlobal
